{
  "name": "test",
  "version": "1.0.0",
  "lockfileVersion": 1,
  "requires": true,
  "dependencies": {
    "agora-rtc-plugin-virtual-background": {
      "version": "1.1.0-beta.1",
      "resolved": "https://registry.npmjs.org/agora-rtc-plugin-virtual-background/-/agora-rtc-plugin-virtual-background-1.1.0-beta.1.tgz",
      "integrity": "sha512-4itGf7tD0KKLbfUpT4F0Fqq3aWJ+cM/3C0K5WIQz6AyI9iEBrpBgZDNYQCg+T3Zg/yZUsSC09Rf9W8xKKOxNDg=="
    }
  }
}
